
Microsoft Visual Studio Solution File, Format Version 12.00
# Visual Studio Version 17
VisualStudioVersion = 17.13.35913.81
MinimumVisualStudioVersion = 10.0.40219.1
Project("{FAE04EC0-301F-11D3-BF4B-00C04F79EFBC}") = "Stargate.Api", "Stargate.Api\Stargate.Api.csproj", "{57C841CE-CDE0-461A-A64F-D50E20B8356A}"
EndProject
Project("{2150E333-8FDC-42A3-9474-1A3956D46DE8}") = "Solution", "Solution", "{02EA681E-C7D8-13C7-8484-4AC65E1B71E8}"
	ProjectSection(SolutionItems) = preProject
		Directory.Packages.props = Directory.Packages.props
	EndProjectSection
EndProject
Project("{E53339B2-1760-4266-BCC7-CA923CBCF16C}") = "docker-compose", "docker-compose.dcproj", "{81DDED9D-158B-E303-5F62-77A2896D2A5A}"
EndProject
Project("{FAE04EC0-301F-11D3-BF4B-00C04F79EFBC}") = "Stargate.Core", "Stargate.Core\Stargate.Core.csproj", "{F880A8DA-B67A-4B49-80E9-C00F91671E19}"
EndProject
Project("{FAE04EC0-301F-11D3-BF4B-00C04F79EFBC}") = "Stargate.Persistence", "Stargate.Persistence\Stargate.Persistence.csproj", "{B972C23D-8C32-43AF-9C0C-1216568E0466}"
EndProject
Project("{FAE04EC0-301F-11D3-BF4B-00C04F79EFBC}") = "Stargate.Core.Domain", "Stargate.Core.Domain\Stargate.Core.Domain.csproj", "{44494EBC-4404-4C0D-A549-39572D652B95}"
EndProject
Project("{2150E333-8FDC-42A3-9474-1A3956D46DE8}") = "src", "src", "{A871BE53-59CF-4707-80FA-8CF63A69EED4}"
EndProject
Project("{2150E333-8FDC-42A3-9474-1A3956D46DE8}") = "test", "test", "{3F19376E-082C-4F93-A421-D7766B1365ED}"
EndProject
Project("{FAE04EC0-301F-11D3-BF4B-00C04F79EFBC}") = "Stargate.Core.Domain.Tests", "test\Stargate.Core.Domain.Tests\Stargate.Core.Domain.Tests.csproj", "{B5AF845B-1298-4305-9AEB-2411596F3189}"
EndProject
Project("{FAE04EC0-301F-11D3-BF4B-00C04F79EFBC}") = "Stargate.Testing", "test\Stargate.Testing\Stargate.Testing.csproj", "{D2344D4C-CE1F-4FDD-A8A5-4C096CCDE34B}"
EndProject
Project("{FAE04EC0-301F-11D3-BF4B-00C04F79EFBC}") = "Stargate.Core.Tests", "test\Stargate.Core.Tests\Stargate.Core.Tests.csproj", "{9CE875F6-37C8-4B00-8097-9D6E90FAFD00}"
EndProject
Project("{FAE04EC0-301F-11D3-BF4B-00C04F79EFBC}") = "Stargate.Persistence.Tests", "test\Stargate.Persistence.Tests\Stargate.Persistence.Tests.csproj", "{BF31D576-2BD2-44D6-8D15-53C335E5B6B6}"
EndProject
Global
	GlobalSection(SolutionConfigurationPlatforms) = preSolution
		Debug|Any CPU = Debug|Any CPU
		Release|Any CPU = Release|Any CPU
	EndGlobalSection
	GlobalSection(ProjectConfigurationPlatforms) = postSolution
		{57C841CE-CDE0-461A-A64F-D50E20B8356A}.Debug|Any CPU.ActiveCfg = Debug|Any CPU
		{57C841CE-CDE0-461A-A64F-D50E20B8356A}.Debug|Any CPU.Build.0 = Debug|Any CPU
		{57C841CE-CDE0-461A-A64F-D50E20B8356A}.Release|Any CPU.ActiveCfg = Release|Any CPU
		{57C841CE-CDE0-461A-A64F-D50E20B8356A}.Release|Any CPU.Build.0 = Release|Any CPU
		{81DDED9D-158B-E303-5F62-77A2896D2A5A}.Debug|Any CPU.ActiveCfg = Debug|Any CPU
		{81DDED9D-158B-E303-5F62-77A2896D2A5A}.Debug|Any CPU.Build.0 = Debug|Any CPU
		{81DDED9D-158B-E303-5F62-77A2896D2A5A}.Release|Any CPU.ActiveCfg = Release|Any CPU
		{81DDED9D-158B-E303-5F62-77A2896D2A5A}.Release|Any CPU.Build.0 = Release|Any CPU
		{F880A8DA-B67A-4B49-80E9-C00F91671E19}.Debug|Any CPU.ActiveCfg = Debug|Any CPU
		{F880A8DA-B67A-4B49-80E9-C00F91671E19}.Debug|Any CPU.Build.0 = Debug|Any CPU
		{F880A8DA-B67A-4B49-80E9-C00F91671E19}.Release|Any CPU.ActiveCfg = Release|Any CPU
		{F880A8DA-B67A-4B49-80E9-C00F91671E19}.Release|Any CPU.Build.0 = Release|Any CPU
		{B972C23D-8C32-43AF-9C0C-1216568E0466}.Debug|Any CPU.ActiveCfg = Debug|Any CPU
		{B972C23D-8C32-43AF-9C0C-1216568E0466}.Debug|Any CPU.Build.0 = Debug|Any CPU
		{B972C23D-8C32-43AF-9C0C-1216568E0466}.Release|Any CPU.ActiveCfg = Release|Any CPU
		{B972C23D-8C32-43AF-9C0C-1216568E0466}.Release|Any CPU.Build.0 = Release|Any CPU
		{44494EBC-4404-4C0D-A549-39572D652B95}.Debug|Any CPU.ActiveCfg = Debug|Any CPU
		{44494EBC-4404-4C0D-A549-39572D652B95}.Debug|Any CPU.Build.0 = Debug|Any CPU
		{44494EBC-4404-4C0D-A549-39572D652B95}.Release|Any CPU.ActiveCfg = Release|Any CPU
		{44494EBC-4404-4C0D-A549-39572D652B95}.Release|Any CPU.Build.0 = Release|Any CPU
		{B5AF845B-1298-4305-9AEB-2411596F3189}.Debug|Any CPU.ActiveCfg = Debug|Any CPU
		{B5AF845B-1298-4305-9AEB-2411596F3189}.Debug|Any CPU.Build.0 = Debug|Any CPU
		{B5AF845B-1298-4305-9AEB-2411596F3189}.Release|Any CPU.ActiveCfg = Release|Any CPU
		{B5AF845B-1298-4305-9AEB-2411596F3189}.Release|Any CPU.Build.0 = Release|Any CPU
		{D2344D4C-CE1F-4FDD-A8A5-4C096CCDE34B}.Debug|Any CPU.ActiveCfg = Debug|Any CPU
		{D2344D4C-CE1F-4FDD-A8A5-4C096CCDE34B}.Debug|Any CPU.Build.0 = Debug|Any CPU
		{D2344D4C-CE1F-4FDD-A8A5-4C096CCDE34B}.Release|Any CPU.ActiveCfg = Release|Any CPU
		{D2344D4C-CE1F-4FDD-A8A5-4C096CCDE34B}.Release|Any CPU.Build.0 = Release|Any CPU
		{9CE875F6-37C8-4B00-8097-9D6E90FAFD00}.Debug|Any CPU.ActiveCfg = Debug|Any CPU
		{9CE875F6-37C8-4B00-8097-9D6E90FAFD00}.Debug|Any CPU.Build.0 = Debug|Any CPU
		{9CE875F6-37C8-4B00-8097-9D6E90FAFD00}.Release|Any CPU.ActiveCfg = Release|Any CPU
		{9CE875F6-37C8-4B00-8097-9D6E90FAFD00}.Release|Any CPU.Build.0 = Release|Any CPU
		{BF31D576-2BD2-44D6-8D15-53C335E5B6B6}.Debug|Any CPU.ActiveCfg = Debug|Any CPU
		{BF31D576-2BD2-44D6-8D15-53C335E5B6B6}.Debug|Any CPU.Build.0 = Debug|Any CPU
		{BF31D576-2BD2-44D6-8D15-53C335E5B6B6}.Release|Any CPU.ActiveCfg = Release|Any CPU
		{BF31D576-2BD2-44D6-8D15-53C335E5B6B6}.Release|Any CPU.Build.0 = Release|Any CPU
	EndGlobalSection
	GlobalSection(SolutionProperties) = preSolution
		HideSolutionNode = FALSE
	EndGlobalSection
	GlobalSection(NestedProjects) = preSolution
		{57C841CE-CDE0-461A-A64F-D50E20B8356A} = {A871BE53-59CF-4707-80FA-8CF63A69EED4}
		{81DDED9D-158B-E303-5F62-77A2896D2A5A} = {02EA681E-C7D8-13C7-8484-4AC65E1B71E8}
		{F880A8DA-B67A-4B49-80E9-C00F91671E19} = {A871BE53-59CF-4707-80FA-8CF63A69EED4}
		{B972C23D-8C32-43AF-9C0C-1216568E0466} = {A871BE53-59CF-4707-80FA-8CF63A69EED4}
		{44494EBC-4404-4C0D-A549-39572D652B95} = {A871BE53-59CF-4707-80FA-8CF63A69EED4}
		{B5AF845B-1298-4305-9AEB-2411596F3189} = {3F19376E-082C-4F93-A421-D7766B1365ED}
		{D2344D4C-CE1F-4FDD-A8A5-4C096CCDE34B} = {3F19376E-082C-4F93-A421-D7766B1365ED}
		{9CE875F6-37C8-4B00-8097-9D6E90FAFD00} = {3F19376E-082C-4F93-A421-D7766B1365ED}
		{BF31D576-2BD2-44D6-8D15-53C335E5B6B6} = {3F19376E-082C-4F93-A421-D7766B1365ED}
	EndGlobalSection
	GlobalSection(ExtensibilityGlobals) = postSolution
		SolutionGuid = {039ED028-B37A-497D-8233-849DE3AEC974}
	EndGlobalSection
EndGlobal
